
Microsoft Visual Studio Solution File, Format Version 12.00
# Visual Studio Version 16
VisualStudioVersion = 16.0.31624.102
MinimumVisualStudioVersion = 10.0.40219.1
Project("{FAE04EC0-301F-11D3-BF4B-00C04F79EFBC}") = "consolaDePrueba", "consolaDePrueba\consolaDePrueba.csproj", "{5720DCB2-E433-4ED2-977A-523DDF0DA8A2}"
EndProject
Global
	GlobalSection(SolutionConfigurationPlatforms) = preSolution
		Debug|Any CPU = Debug|Any CPU
		Release|Any CPU = Release|Any CPU
	EndGlobalSection
	GlobalSection(ProjectConfigurationPlatforms) = postSolution
		{5720DCB2-E433-4ED2-977A-523DDF0DA8A2}.Debug|Any CPU.ActiveCfg = Debug|Any CPU
		{5720DCB2-E433-4ED2-977A-523DDF0DA8A2}.Debug|Any CPU.Build.0 = Debug|Any CPU
		{5720DCB2-E433-4ED2-977A-523DDF0DA8A2}.Release|Any CPU.ActiveCfg = Release|Any CPU
		{5720DCB2-E433-4ED2-977A-523DDF0DA8A2}.Release|Any CPU.Build.0 = Release|Any CPU
	EndGlobalSection
	GlobalSection(SolutionProperties) = preSolution
		HideSolutionNode = FALSE
	EndGlobalSection
	GlobalSection(ExtensibilityGlobals) = postSolution
		SolutionGuid = {4311C130-ABC2-42E2-823F-4B535C2817C5}
	EndGlobalSection
EndGlobal
